// !$*UTF8*$!
{
	archiveVersion = 1;
	classes = {
	};
	objectVersion = 77;
	objects = {

/* Begin PBXBuildFile section */
		6A1FA3712F92FB7A00B1B49C /* SwiftUI.framework in Frameworks */ = {isa = PBXBuildFile; fileRef = 6AEC171E2F92C4F000FC61A5 /* SwiftUI.framework */; };
		6A1FA3722F92FB7A00B1B49C /* SwiftUI.framework in Embed Frameworks */ = {isa = PBXBuildFile; fileRef = 6AEC171E2F92C4F000FC61A5 /* SwiftUI.framework */; settings = {ATTRIBUTES = (CodeSignOnCopy, RemoveHeadersOnCopy, ); }; };
		6A1FA3742F92FB7C00B1B49C /* WidgetKit.framework in Frameworks */ = {isa = PBXBuildFile; fileRef = 6AEC171C2F92C4F000FC61A5 /* WidgetKit.framework */; };
		6A1FA3752F92FB7C00B1B49C /* WidgetKit.framework in Embed Frameworks */ = {isa = PBXBuildFile; fileRef = 6AEC171C2F92C4F000FC61A5 /* WidgetKit.framework */; settings = {ATTRIBUTES = (CodeSignOnCopy, RemoveHeadersOnCopy, ); }; };
		6AEC17302F92C4F300FC61A5 /* SchedAI-WidgetExtension.appex in Embed Foundation Extensions */ = {isa = PBXBuildFile; fileRef = 6AEC171B2F92C4EF00FC61A5 /* SchedAI-WidgetExtension.appex */; settings = {ATTRIBUTES = (RemoveHeadersOnCopy, ); }; };
/* End PBXBuildFile section */

/* Begin PBXContainerItemProxy section */
		6AEC172E2F92C4F300FC61A5 /* PBXContainerItemProxy */ = {
			isa = PBXContainerItemProxy;
			containerPortal = CF2DEE262EF4EB1B00F2998C /* Project object */;
			proxyType = 1;
			remoteGlobalIDString = 6AEC171A2F92C4EF00FC61A5;
			remoteInfo = "SchedAI-WidgetExtension";
		};
		CF2DEE3C2EF4EB1E00F2998C /* PBXContainerItemProxy */ = {
			isa = PBXContainerItemProxy;
			containerPortal = CF2DEE262EF4EB1B00F2998C /* Project object */;
			proxyType = 1;
			remoteGlobalIDString = CF2DEE2D2EF4EB1B00F2998C;
			remoteInfo = SchedAI;
		};
		CF2DEE462EF4EB1E00F2998C /* PBXContainerItemProxy */ = {
			isa = PBXContainerItemProxy;
			containerPortal = CF2DEE262EF4EB1B00F2998C /* Project object */;
			proxyType = 1;
			remoteGlobalIDString = CF2DEE2D2EF4EB1B00F2998C;
			remoteInfo = SchedAI;
		};
/* End PBXContainerItemProxy section */

/* Begin PBXCopyFilesBuildPhase section */
		6A1FA3732F92FB7A00B1B49C /* Embed Frameworks */ = {
			isa = PBXCopyFilesBuildPhase;
			buildActionMask = 2147483647;
			dstPath = "";
			dstSubfolderSpec = 10;
			files = (
				6A1FA3722F92FB7A00B1B49C /* SwiftUI.framework in Embed Frameworks */,
				6A1FA3752F92FB7C00B1B49C /* WidgetKit.framework in Embed Frameworks */,
			);
			name = "Embed Frameworks";
			runOnlyForDeploymentPostprocessing = 0;
		};
		6AA3AC122F44BB5B003693DD /* Embed Foundation Extensions */ = {
			isa = PBXCopyFilesBuildPhase;
			buildActionMask = 2147483647;
			dstPath = "";
			dstSubfolderSpec = 13;
			files = (
				6AEC17302F92C4F300FC61A5 /* SchedAI-WidgetExtension.appex in Embed Foundation Extensions */,
			);
			name = "Embed Foundation Extensions";
			runOnlyForDeploymentPostprocessing = 0;
		};
/* End PBXCopyFilesBuildPhase section */

/* Begin PBXFileReference section */
		6A02603A2F34F0E300FDF50D /* SchedAI.xcodeproj */ = {isa = PBXFileReference; lastKnownFileType = "wrapper.pb-project"; path = SchedAI.xcodeproj; sourceTree = "<group>"; };
		6A1FA3262F92F81B00B1B49C /* SchedAI.xcodeproj */ = {isa = PBXFileReference; lastKnownFileType = "wrapper.pb-project"; path = SchedAI.xcodeproj; sourceTree = "<group>"; };
		6A1FA3982F92FE7600B1B49C /* SchedAI.xcodeproj */ = {isa = PBXFileReference; lastKnownFileType = "wrapper.pb-project"; path = SchedAI.xcodeproj; sourceTree = "<group>"; };
		6A4D68A82EFE4F110071CDD2 /* SchedAI.xcodeproj */ = {isa = PBXFileReference; lastKnownFileType = "wrapper.pb-project"; path = SchedAI.xcodeproj; sourceTree = "<group>"; };
		6A90AE012F1D67570070B3F0 /* SchedAI.xcodeproj */ = {isa = PBXFileReference; lastKnownFileType = "wrapper.pb-project"; path = SchedAI.xcodeproj; sourceTree = "<group>"; };
		6A90AF642F1EDDA80070B3F0 /* SchedAI.xcodeproj */ = {isa = PBXFileReference; lastKnownFileType = "wrapper.pb-project"; path = SchedAI.xcodeproj; sourceTree = "<group>"; };
		6A90AFB32F218DC00070B3F0 /* SchedAI.xcodeproj */ = {isa = PBXFileReference; lastKnownFileType = "wrapper.pb-project"; path = SchedAI.xcodeproj; sourceTree = "<group>"; };
		6AA3ABCB2F44B9DC003693DD /* SchedAI.xcodeproj */ = {isa = PBXFileReference; lastKnownFileType = "wrapper.pb-project"; path = SchedAI.xcodeproj; sourceTree = "<group>"; };
		6AA3AC062F44BB5B003693DD /* AuthenticationServices.framework */ = {isa = PBXFileReference; lastKnownFileType = wrapper.framework; name = AuthenticationServices.framework; path = System/Library/Frameworks/AuthenticationServices.framework; sourceTree = SDKROOT; };
		6AAB2DEE2EFFAD700065F401 /* SchedAI.xcodeproj */ = {isa = PBXFileReference; lastKnownFileType = "wrapper.pb-project"; path = SchedAI.xcodeproj; sourceTree = "<group>"; };
		6AEC16DA2F92BE9C00FC61A5 /* SchedAI.xcodeproj */ = {isa = PBXFileReference; lastKnownFileType = "wrapper.pb-project"; path = SchedAI.xcodeproj; sourceTree = "<group>"; };
		6AEC171B2F92C4EF00FC61A5 /* SchedAI-WidgetExtension.appex */ = {isa = PBXFileReference; explicitFileType = "wrapper.app-extension"; includeInIndex = 0; path = "SchedAI-WidgetExtension.appex"; sourceTree = BUILT_PRODUCTS_DIR; };
		6AEC171C2F92C4F000FC61A5 /* WidgetKit.framework */ = {isa = PBXFileReference; lastKnownFileType = wrapper.framework; name = WidgetKit.framework; path = System/Library/Frameworks/WidgetKit.framework; sourceTree = SDKROOT; };
		6AEC171E2F92C4F000FC61A5 /* SwiftUI.framework */ = {isa = PBXFileReference; lastKnownFileType = wrapper.framework; name = SwiftUI.framework; path = System/Library/Frameworks/SwiftUI.framework; sourceTree = SDKROOT; };
		CF2075E82EFB4263005862CC /* SchedAI.xcodeproj */ = {isa = PBXFileReference; lastKnownFileType = "wrapper.pb-project"; path = SchedAI.xcodeproj; sourceTree = "<group>"; };
		CF2DEE2E2EF4EB1B00F2998C /* SchedAI.app */ = {isa = PBXFileReference; explicitFileType = wrapper.application; includeInIndex = 0; path = SchedAI.app; sourceTree = BUILT_PRODUCTS_DIR; };
		CF2DEE3B2EF4EB1E00F2998C /* SchedAITests.xctest */ = {isa = PBXFileReference; explicitFileType = wrapper.cfbundle; includeInIndex = 0; path = SchedAITests.xctest; sourceTree = BUILT_PRODUCTS_DIR; };
		CF2DEE452EF4EB1E00F2998C /* SchedAIUITests.xctest */ = {isa = PBXFileReference; explicitFileType = wrapper.cfbundle; includeInIndex = 0; path = SchedAIUITests.xctest; sourceTree = BUILT_PRODUCTS_DIR; };
		CF495E3D2EF52C74005D448B /* SchedAI.xcodeproj */ = {isa = PBXFileReference; lastKnownFileType = "wrapper.pb-project"; path = SchedAI.xcodeproj; sourceTree = "<group>"; };
		CF495E792EF62A8D005D448B /* SchedAI.xcodeproj */ = {isa = PBXFileReference; lastKnownFileType = "wrapper.pb-project"; path = SchedAI.xcodeproj; sourceTree = "<group>"; };
		CF95BAC12EF654990031A149 /* SchedAI.xcodeproj */ = {isa = PBXFileReference; lastKnownFileType = "wrapper.pb-project"; path = SchedAI.xcodeproj; sourceTree = "<group>"; };
/* End PBXFileReference section */

/* Begin PBXFileSystemSynchronizedBuildFileExceptionSet section */
		6AEC17332F92C4F300FC61A5 /* Exceptions for "SchedAI-Widget" folder in "SchedAI-WidgetExtension" target */ = {
			isa = PBXFileSystemSynchronizedBuildFileExceptionSet;
			membershipExceptions = (
				Info.plist,
			);
			target = 6AEC171A2F92C4EF00FC61A5 /* SchedAI-WidgetExtension */;
		};
/* End PBXFileSystemSynchronizedBuildFileExceptionSet section */

/* Begin PBXFileSystemSynchronizedRootGroup section */
		6AA3AC082F44BB5B003693DD /* Sign in */ = {
			isa = PBXFileSystemSynchronizedRootGroup;
			path = "Sign in";
			sourceTree = "<group>";
		};
		6AA3AC1D2F44BE00003693DD /* Sign in */ = {
			isa = PBXFileSystemSynchronizedRootGroup;
			path = "Sign in";
			sourceTree = "<group>";
		};
		6AEC17202F92C4F000FC61A5 /* SchedAI-Widget */ = {
			isa = PBXFileSystemSynchronizedRootGroup;
			exceptions = (
				6AEC17332F92C4F300FC61A5 /* Exceptions for "SchedAI-Widget" folder in "SchedAI-WidgetExtension" target */,
			);
			path = "SchedAI-Widget";
			sourceTree = "<group>";
		};
		CF2DEE302EF4EB1B00F2998C /* SchedAI */ = {
			isa = PBXFileSystemSynchronizedRootGroup;
			path = SchedAI;
			sourceTree = "<group>";
		};
		CF2DEE3E2EF4EB1E00F2998C /* SchedAITests */ = {
			isa = PBXFileSystemSynchronizedRootGroup;
			path = SchedAITests;
			sourceTree = "<group>";
		};
		CF2DEE482EF4EB1E00F2998C /* SchedAIUITests */ = {
			isa = PBXFileSystemSynchronizedRootGroup;
			path = SchedAIUITests;
			sourceTree = "<group>";
		};
/* End PBXFileSystemSynchronizedRootGroup section */

/* Begin PBXFrameworksBuildPhase section */
		6AEC17182F92C4EF00FC61A5 /* Frameworks */ = {
			isa = PBXFrameworksBuildPhase;
			buildActionMask = 2147483647;
			files = (
				6A1FA3712F92FB7A00B1B49C /* SwiftUI.framework in Frameworks */,
				6A1FA3742F92FB7C00B1B49C /* WidgetKit.framework in Frameworks */,
			);
			runOnlyForDeploymentPostprocessing = 0;
		};
		CF2DEE2B2EF4EB1B00F2998C /* Frameworks */ = {
			isa = PBXFrameworksBuildPhase;
			buildActionMask = 2147483647;
			files = (
			);
			runOnlyForDeploymentPostprocessing = 0;
		};
		CF2DEE382EF4EB1E00F2998C /* Frameworks */ = {
			isa = PBXFrameworksBuildPhase;
			buildActionMask = 2147483647;
			files = (
			);
			runOnlyForDeploymentPostprocessing = 0;
		};
		CF2DEE422EF4EB1E00F2998C /* Frameworks */ = {
			isa = PBXFrameworksBuildPhase;
			buildActionMask = 2147483647;
			files = (
			);
			runOnlyForDeploymentPostprocessing = 0;
		};
/* End PBXFrameworksBuildPhase section */

/* Begin PBXGroup section */
		6A0260492F34F0E300FDF50D /* Products */ = {
			isa = PBXGroup;
			name = Products;
			sourceTree = "<group>";
		};
		6A1FA3352F92F81B00B1B49C /* Products */ = {
			isa = PBXGroup;
			name = Products;
			sourceTree = "<group>";
		};
		6A1FA3A72F92FE7600B1B49C /* Products */ = {
			isa = PBXGroup;
			name = Products;
			sourceTree = "<group>";
		};
		6A4D68B52EFE4F110071CDD2 /* Products */ = {
			isa = PBXGroup;
			name = Products;
			sourceTree = "<group>";
		};
		6A90AE0F2F1D67570070B3F0 /* Products */ = {
			isa = PBXGroup;
			name = Products;
			sourceTree = "<group>";
		};
		6A90AF722F1EDDA80070B3F0 /* Products */ = {
			isa = PBXGroup;
			name = Products;
			sourceTree = "<group>";
		};
		6A90AFC22F218DC00070B3F0 /* Products */ = {
			isa = PBXGroup;
			name = Products;
			sourceTree = "<group>";
		};
		6AA3ABDA2F44B9DC003693DD /* Products */ = {
			isa = PBXGroup;
			name = Products;
			sourceTree = "<group>";
		};
		6AA3AC052F44BB5B003693DD /* Frameworks */ = {
			isa = PBXGroup;
			children = (
				6AA3AC062F44BB5B003693DD /* AuthenticationServices.framework */,
				6AEC171C2F92C4F000FC61A5 /* WidgetKit.framework */,
				6AEC171E2F92C4F000FC61A5 /* SwiftUI.framework */,
			);
			name = Frameworks;
			sourceTree = "<group>";
		};
		6AAB2DFB2EFFAD700065F401 /* Products */ = {
			isa = PBXGroup;
			name = Products;
			sourceTree = "<group>";
		};
		6AEC16E92F92BE9C00FC61A5 /* Products */ = {
			isa = PBXGroup;
			name = Products;
			sourceTree = "<group>";
		};
		CF2075F52EFB4263005862CC /* Products */ = {
			isa = PBXGroup;
			name = Products;
			sourceTree = "<group>";
		};
		CF2DEE252EF4EB1B00F2998C = {
			isa = PBXGroup;
			children = (
				CF2DEE302EF4EB1B00F2998C /* SchedAI */,
				CF2DEE3E2EF4EB1E00F2998C /* SchedAITests */,
				CF2DEE482EF4EB1E00F2998C /* SchedAIUITests */,
				6AA3AC082F44BB5B003693DD /* Sign in */,
				6AA3AC1D2F44BE00003693DD /* Sign in */,
				6AEC17202F92C4F000FC61A5 /* SchedAI-Widget */,
				6AA3AC052F44BB5B003693DD /* Frameworks */,
				CF2DEE2F2EF4EB1B00F2998C /* Products */,
			);
			sourceTree = "<group>";
		};
		CF2DEE2F2EF4EB1B00F2998C /* Products */ = {
			isa = PBXGroup;
			children = (
				CF2DEE2E2EF4EB1B00F2998C /* SchedAI.app */,
				CF2DEE3B2EF4EB1E00F2998C /* SchedAITests.xctest */,
				CF2DEE452EF4EB1E00F2998C /* SchedAIUITests.xctest */,
				6AEC171B2F92C4EF00FC61A5 /* SchedAI-WidgetExtension.appex */,
			);
			name = Products;
			sourceTree = "<group>";
		};
		CF495E4A2EF52C74005D448B /* Products */ = {
			isa = PBXGroup;
			name = Products;
			sourceTree = "<group>";
		};
		CF495E862EF62A8D005D448B /* Products */ = {
			isa = PBXGroup;
			name = Products;
			sourceTree = "<group>";
		};
		CF95BACE2EF654990031A149 /* Products */ = {
			isa = PBXGroup;
			name = Products;
			sourceTree = "<group>";
		};
/* End PBXGroup section */

/* Begin PBXNativeTarget section */
		6AEC171A2F92C4EF00FC61A5 /* SchedAI-WidgetExtension */ = {
			isa = PBXNativeTarget;
			buildConfigurationList = 6AEC17342F92C4F400FC61A5 /* Build configuration list for PBXNativeTarget "SchedAI-WidgetExtension" */;
			buildPhases = (
				6AEC17172F92C4EF00FC61A5 /* Sources */,
				6AEC17182F92C4EF00FC61A5 /* Frameworks */,
				6AEC17192F92C4EF00FC61A5 /* Resources */,
				6A1FA3732F92FB7A00B1B49C /* Embed Frameworks */,
			);
			buildRules = (
			);
			dependencies = (
			);
			fileSystemSynchronizedGroups = (
				6AEC17202F92C4F000FC61A5 /* SchedAI-Widget */,
			);
			name = "SchedAI-WidgetExtension";
			packageProductDependencies = (
			);
			productName = "SchedAI-WidgetExtension";
			productReference = 6AEC171B2F92C4EF00FC61A5 /* SchedAI-WidgetExtension.appex */;
			productType = "com.apple.product-type.app-extension";
		};
		CF2DEE2D2EF4EB1B00F2998C /* SchedAI */ = {
			isa = PBXNativeTarget;
			buildConfigurationList = CF2DEE4F2EF4EB1E00F2998C /* Build configuration list for PBXNativeTarget "SchedAI" */;
			buildPhases = (
				CF2DEE2A2EF4EB1B00F2998C /* Sources */,
				CF2DEE2B2EF4EB1B00F2998C /* Frameworks */,
				CF2DEE2C2EF4EB1B00F2998C /* Resources */,
				6AA3AC122F44BB5B003693DD /* Embed Foundation Extensions */,
			);
			buildRules = (
			);
			dependencies = (
				6AEC172F2F92C4F300FC61A5 /* PBXTargetDependency */,
			);
			fileSystemSynchronizedGroups = (
				CF2DEE302EF4EB1B00F2998C /* SchedAI */,
			);
			name = SchedAI;
			packageProductDependencies = (
			);
			productName = SchedAI;
			productReference = CF2DEE2E2EF4EB1B00F2998C /* SchedAI.app */;
			productType = "com.apple.product-type.application";
		};
		CF2DEE3A2EF4EB1E00F2998C /* SchedAITests */ = {
			isa = PBXNativeTarget;
			buildConfigurationList = CF2DEE522EF4EB1E00F2998C /* Build configuration list for PBXNativeTarget "SchedAITests" */;
			buildPhases = (
				CF2DEE372EF4EB1E00F2998C /* Sources */,
				CF2DEE382EF4EB1E00F2998C /* Frameworks */,
				CF2DEE392EF4EB1E00F2998C /* Resources */,
			);
			buildRules = (
			);
			dependencies = (
				CF2DEE3D2EF4EB1E00F2998C /* PBXTargetDependency */,
			);
			fileSystemSynchronizedGroups = (
				CF2DEE3E2EF4EB1E00F2998C /* SchedAITests */,
			);
			name = SchedAITests;
			packageProductDependencies = (
			);
			productName = SchedAITests;
			productReference = CF2DEE3B2EF4EB1E00F2998C /* SchedAITests.xctest */;
			productType = "com.apple.product-type.bundle.unit-test";
		};
		CF2DEE442EF4EB1E00F2998C /* SchedAIUITests */ = {
			isa = PBXNativeTarget;
			buildConfigurationList = CF2DEE552EF4EB1E00F2998C /* Build configuration list for PBXNativeTarget "SchedAIUITests" */;
			buildPhases = (
				CF2DEE412EF4EB1E00F2998C /* Sources */,
				CF2DEE422EF4EB1E00F2998C /* Frameworks */,
				CF2DEE432EF4EB1E00F2998C /* Resources */,
			);
			buildRules = (
			);
			dependencies = (
				CF2DEE472EF4EB1E00F2998C /* PBXTargetDependency */,
			);
			fileSystemSynchronizedGroups = (
				CF2DEE482EF4EB1E00F2998C /* SchedAIUITests */,
			);
			name = SchedAIUITests;
			packageProductDependencies = (
			);
			productName = SchedAIUITests;
			productReference = CF2DEE452EF4EB1E00F2998C /* SchedAIUITests.xctest */;
			productType = "com.apple.product-type.bundle.ui-testing";
		};
/* End PBXNativeTarget section */

/* Begin PBXProject section */
		CF2DEE262EF4EB1B00F2998C /* Project object */ = {
			isa = PBXProject;
			attributes = {
				BuildIndependentTargetsInParallel = 1;
				LastSwiftUpdateCheck = 2620;
				LastUpgradeCheck = 2620;
				TargetAttributes = {
					6AEC171A2F92C4EF00FC61A5 = {
						CreatedOnToolsVersion = 26.2;
					};
					CF2DEE2D2EF4EB1B00F2998C = {
						CreatedOnToolsVersion = 26.2;
					};
					CF2DEE3A2EF4EB1E00F2998C = {
						CreatedOnToolsVersion = 26.2;
						TestTargetID = CF2DEE2D2EF4EB1B00F2998C;
					};
					CF2DEE442EF4EB1E00F2998C = {
						CreatedOnToolsVersion = 26.2;
						TestTargetID = CF2DEE2D2EF4EB1B00F2998C;
					};
				};
			};
			buildConfigurationList = CF2DEE292EF4EB1B00F2998C /* Build configuration list for PBXProject "SchedAI" */;
			developmentRegion = en;
			hasScannedForEncodings = 0;
			knownRegions = (
				en,
				Base,
			);
			mainGroup = CF2DEE252EF4EB1B00F2998C;
			minimizedProjectReferenceProxies = 1;
			preferredProjectObjectVersion = 77;
			productRefGroup = CF2DEE2F2EF4EB1B00F2998C /* Products */;
			projectDirPath = "";
			projectReferences = (
				{
					ProductGroup = 6A0260492F34F0E300FDF50D /* Products */;
					ProjectRef = 6A02603A2F34F0E300FDF50D /* SchedAI.xcodeproj */;
				},
				{
					ProductGroup = 6A1FA3352F92F81B00B1B49C /* Products */;
					ProjectRef = 6A1FA3262F92F81B00B1B49C /* SchedAI.xcodeproj */;
				},
				{
					ProductGroup = CF495E4A2EF52C74005D448B /* Products */;
					ProjectRef = CF495E3D2EF52C74005D448B /* SchedAI.xcodeproj */;
				},
				{
					ProductGroup = 6A1FA3A72F92FE7600B1B49C /* Products */;
					ProjectRef = 6A1FA3982F92FE7600B1B49C /* SchedAI.xcodeproj */;
				},
				{
					ProductGroup = CF495E862EF62A8D005D448B /* Products */;
					ProjectRef = CF495E792EF62A8D005D448B /* SchedAI.xcodeproj */;
				},
				{
					ProductGroup = CF2075F52EFB4263005862CC /* Products */;
					ProjectRef = CF2075E82EFB4263005862CC /* SchedAI.xcodeproj */;
				},
				{
					ProductGroup = 6A90AE0F2F1D67570070B3F0 /* Products */;
					ProjectRef = 6A90AE012F1D67570070B3F0 /* SchedAI.xcodeproj */;
				},
				{
					ProductGroup = 6AAB2DFB2EFFAD700065F401 /* Products */;
					ProjectRef = 6AAB2DEE2EFFAD700065F401 /* SchedAI.xcodeproj */;
				},
				{
					ProductGroup = CF95BACE2EF654990031A149 /* Products */;
					ProjectRef = CF95BAC12EF654990031A149 /* SchedAI.xcodeproj */;
				},
				{
					ProductGroup = 6A90AFC22F218DC00070B3F0 /* Products */;
					ProjectRef = 6A90AFB32F218DC00070B3F0 /* SchedAI.xcodeproj */;
				},
				{
					ProductGroup = 6A90AF722F1EDDA80070B3F0 /* Products */;
					ProjectRef = 6A90AF642F1EDDA80070B3F0 /* SchedAI.xcodeproj */;
				},
				{
					ProductGroup = 6AEC16E92F92BE9C00FC61A5 /* Products */;
					ProjectRef = 6AEC16DA2F92BE9C00FC61A5 /* SchedAI.xcodeproj */;
				},
				{
					ProductGroup = 6A4D68B52EFE4F110071CDD2 /* Products */;
					ProjectRef = 6A4D68A82EFE4F110071CDD2 /* SchedAI.xcodeproj */;
				},
				{
					ProductGroup = 6AA3ABDA2F44B9DC003693DD /* Products */;
					ProjectRef = 6AA3ABCB2F44B9DC003693DD /* SchedAI.xcodeproj */;
				},
			);
			projectRoot = "";
			targets = (
				CF2DEE2D2EF4EB1B00F2998C /* SchedAI */,
				CF2DEE3A2EF4EB1E00F2998C /* SchedAITests */,
				CF2DEE442EF4EB1E00F2998C /* SchedAIUITests */,
				6AEC171A2F92C4EF00FC61A5 /* SchedAI-WidgetExtension */,
			);
		};
/* End PBXProject section */

/* Begin PBXResourcesBuildPhase section */
		6AEC17192F92C4EF00FC61A5 /* Resources */ = {
			isa = PBXResourcesBuildPhase;
			buildActionMask = 2147483647;
			files = (
			);
			runOnlyForDeploymentPostprocessing = 0;
		};
		CF2DEE2C2EF4EB1B00F2998C /* Resources */ = {
			isa = PBXResourcesBuildPhase;
			buildActionMask = 2147483647;
			files = (
			);
			runOnlyForDeploymentPostprocessing = 0;
		};
		CF2DEE392EF4EB1E00F2998C /* Resources */ = {
			isa = PBXResourcesBuildPhase;
			buildActionMask = 2147483647;
			files = (
			);
			runOnlyForDeploymentPostprocessing = 0;
		};
		CF2DEE432EF4EB1E00F2998C /* Resources */ = {
			isa = PBXResourcesBuildPhase;
			buildActionMask = 2147483647;
			files = (
			);
			runOnlyForDeploymentPostprocessing = 0;
		};
/* End PBXResourcesBuildPhase section */

/* Begin PBXSourcesBuildPhase section */
		6AEC17172F92C4EF00FC61A5 /* Sources */ = {
			isa = PBXSourcesBuildPhase;
			buildActionMask = 2147483647;
			files = (
			);
			runOnlyForDeploymentPostprocessing = 0;
		};
		CF2DEE2A2EF4EB1B00F2998C /* Sources */ = {
			isa = PBXSourcesBuildPhase;
			buildActionMask = 2147483647;
			files = (
			);
			runOnlyForDeploymentPostprocessing = 0;
		};
		CF2DEE372EF4EB1E00F2998C /* Sources */ = {
			isa = PBXSourcesBuildPhase;
			buildActionMask = 2147483647;
			files = (
			);
			runOnlyForDeploymentPostprocessing = 0;
		};
		CF2DEE412EF4EB1E00F2998C /* Sources */ = {
			isa = PBXSourcesBuildPhase;
			buildActionMask = 2147483647;
			files = (
			);
			runOnlyForDeploymentPostprocessing = 0;
		};
/* End PBXSourcesBuildPhase section */

/* Begin PBXTargetDependency section */
		6AEC172F2F92C4F300FC61A5 /* PBXTargetDependency */ = {
			isa = PBXTargetDependency;
			target = 6AEC171A2F92C4EF00FC61A5 /* SchedAI-WidgetExtension */;
			targetProxy = 6AEC172E2F92C4F300FC61A5 /* PBXContainerItemProxy */;
		};
		CF2DEE3D2EF4EB1E00F2998C /* PBXTargetDependency */ = {
			isa = PBXTargetDependency;
			target = CF2DEE2D2EF4EB1B00F2998C /* SchedAI */;
			targetProxy = CF2DEE3C2EF4EB1E00F2998C /* PBXContainerItemProxy */;
		};
		CF2DEE472EF4EB1E00F2998C /* PBXTargetDependency */ = {
			isa = PBXTargetDependency;
			target = CF2DEE2D2EF4EB1B00F2998C /* SchedAI */;
			targetProxy = CF2DEE462EF4EB1E00F2998C /* PBXContainerItemProxy */;
		};
/* End PBXTargetDependency section */

/* Begin XCBuildConfiguration section */
		6AEC17312F92C4F300FC61A5 /* Debug */ = {
			isa = XCBuildConfiguration;
			buildSettings = {
				ASSETCATALOG_COMPILER_GLOBAL_ACCENT_COLOR_NAME = AccentColor;
				ASSETCATALOG_COMPILER_WIDGET_BACKGROUND_COLOR_NAME = WidgetBackground;
				CODE_SIGN_ENTITLEMENTS = "SchedAI-Widget/SchedAI-WidgetExtension.entitlements";
				CODE_SIGN_STYLE = Automatic;
				CURRENT_PROJECT_VERSION = 1;
				DEVELOPMENT_TEAM = TPNSH32JP3;
				GENERATE_INFOPLIST_FILE = YES;
				INFOPLIST_FILE = "SchedAI-Widget/Info.plist";
				INFOPLIST_KEY_CFBundleDisplayName = "SchedAI-Widget";
				INFOPLIST_KEY_NSHumanReadableCopyright = "";
				LD_RUNPATH_SEARCH_PATHS = (
					"$(inherited)",
					"@executable_path/Frameworks",
					"@executable_path/../../Frameworks",
				);
				MARKETING_VERSION = 1.0;
				PRODUCT_BUNDLE_IDENTIFIER = "me.SchedAI.SchedAI-Widget";
				PRODUCT_NAME = "$(TARGET_NAME)";
				SKIP_INSTALL = YES;
				STRING_CATALOG_GENERATE_SYMBOLS = YES;
				SWIFT_APPROACHABLE_CONCURRENCY = YES;
				SWIFT_EMIT_LOC_STRINGS = YES;
				SWIFT_UPCOMING_FEATURE_MEMBER_IMPORT_VISIBILITY = YES;
				SWIFT_VERSION = 5.0;
				TARGETED_DEVICE_FAMILY = "1,2";
			};
			name = Debug;
		};
		6AEC17322F92C4F300FC61A5 /* Release */ = {
			isa = XCBuildConfiguration;
			buildSettings = {
				ASSETCATALOG_COMPILER_GLOBAL_ACCENT_COLOR_NAME = AccentColor;
				ASSETCATALOG_COMPILER_WIDGET_BACKGROUND_COLOR_NAME = WidgetBackground;
				CODE_SIGN_ENTITLEMENTS = "SchedAI-Widget/SchedAI-WidgetExtension.entitlements";
				CODE_SIGN_STYLE = Automatic;
				CURRENT_PROJECT_VERSION = 1;
				DEVELOPMENT_TEAM = TPNSH32JP3;
				GENERATE_INFOPLIST_FILE = YES;
				INFOPLIST_FILE = "SchedAI-Widget/Info.plist";
				INFOPLIST_KEY_CFBundleDisplayName = "SchedAI-Widget";
				INFOPLIST_KEY_NSHumanReadableCopyright = "";
				LD_RUNPATH_SEARCH_PATHS = (
					"$(inherited)",
					"@executable_path/Frameworks",
					"@executable_path/../../Frameworks",
				);
				MARKETING_VERSION = 1.0;
				PRODUCT_BUNDLE_IDENTIFIER = "me.SchedAI.SchedAI-Widget";
				PRODUCT_NAME = "$(TARGET_NAME)";
				SKIP_INSTALL = YES;
				STRING_CATALOG_GENERATE_SYMBOLS = YES;
				SWIFT_APPROACHABLE_CONCURRENCY = YES;
				SWIFT_EMIT_LOC_STRINGS = YES;
				SWIFT_UPCOMING_FEATURE_MEMBER_IMPORT_VISIBILITY = YES;
				SWIFT_VERSION = 5.0;
				TARGETED_DEVICE_FAMILY = "1,2";
			};
			name = Release;
		};
		CF2DEE4D2EF4EB1E00F2998C /* Debug */ = {
			isa = XCBuildConfiguration;
			buildSettings = {
				ALWAYS_SEARCH_USER_PATHS = NO;
				ASSETCATALOG_COMPILER_GENERATE_SWIFT_ASSET_SYMBOL_EXTENSIONS = YES;
				CLANG_ANALYZER_NONNULL = YES;
				CLANG_ANALYZER_NUMBER_OBJECT_CONVERSION = YES_AGGRESSIVE;
				CLANG_CXX_LANGUAGE_STANDARD = "gnu++20";
				CLANG_ENABLE_MODULES = YES;
				CLANG_ENABLE_OBJC_ARC = YES;
				CLANG_ENABLE_OBJC_WEAK = YES;
				CLANG_WARN_BLOCK_CAPTURE_AUTORELEASING = YES;
				CLANG_WARN_BOOL_CONVERSION = YES;
				CLANG_WARN_COMMA = YES;
				CLANG_WARN_CONSTANT_CONVERSION = YES;
				CLANG_WARN_DEPRECATED_OBJC_IMPLEMENTATIONS = YES;
				CLANG_WARN_DIRECT_OBJC_ISA_USAGE = YES_ERROR;
				CLANG_WARN_DOCUMENTATION_COMMENTS = YES;
				CLANG_WARN_EMPTY_BODY = YES;
				CLANG_WARN_ENUM_CONVERSION = YES;
				CLANG_WARN_INFINITE_RECURSION = YES;
				CLANG_WARN_INT_CONVERSION = YES;
				CLANG_WARN_NON_LITERAL_NULL_CONVERSION = YES;
				CLANG_WARN_OBJC_IMPLICIT_RETAIN_SELF = YES;
				CLANG_WARN_OBJC_LITERAL_CONVERSION = YES;
				CLANG_WARN_OBJC_ROOT_CLASS = YES_ERROR;
				CLANG_WARN_QUOTED_INCLUDE_IN_FRAMEWORK_HEADER = YES;
				CLANG_WARN_RANGE_LOOP_ANALYSIS = YES;
				CLANG_WARN_STRICT_PROTOTYPES = YES;
				CLANG_WARN_SUSPICIOUS_MOVE = YES;
				CLANG_WARN_UNGUARDED_AVAILABILITY = YES_AGGRESSIVE;
				CLANG_WARN_UNREACHABLE_CODE = YES;
				CLANG_WARN__DUPLICATE_METHOD_MATCH = YES;
				COPY_PHASE_STRIP = NO;
				DEBUG_INFORMATION_FORMAT = dwarf;
				DEVELOPMENT_TEAM = TPNSH32JP3;
				ENABLE_STRICT_OBJC_MSGSEND = YES;
				ENABLE_TESTABILITY = YES;
				ENABLE_USER_SCRIPT_SANDBOXING = YES;
				GCC_C_LANGUAGE_STANDARD = gnu17;
				GCC_DYNAMIC_NO_PIC = NO;
				GCC_NO_COMMON_BLOCKS = YES;
				GCC_OPTIMIZATION_LEVEL = 0;
				GCC_PREPROCESSOR_DEFINITIONS = (
					"DEBUG=1",
					"$(inherited)",
				);
				GCC_WARN_64_TO_32_BIT_CONVERSION = YES;
				GCC_WARN_ABOUT_RETURN_TYPE = YES_ERROR;
				GCC_WARN_UNDECLARED_SELECTOR = YES;
				GCC_WARN_UNINITIALIZED_AUTOS = YES_AGGRESSIVE;
				GCC_WARN_UNUSED_FUNCTION = YES;
				GCC_WARN_UNUSED_VARIABLE = YES;
				INFOPLIST_KEY_NSCalendarsFullAccessUsageDescription = "SchedAI can add planned tasks to your calendar when you enable Calendar sync.";
				INFOPLIST_KEY_NSMicrophoneUsageDescription = "SchedAI needs microphone access to capture your voice for creating tasks.";
				INFOPLIST_KEY_NSSpeechRecognitionUsageDescription = "SchedAI uses speech recognition to convert your voice into text for task planning.";
				INFOPLIST_KEY_UILaunchScreen_Generation = YES;
				IPHONEOS_DEPLOYMENT_TARGET = 26.2;
				LOCALIZATION_PREFERS_STRING_CATALOGS = YES;
				MTL_ENABLE_DEBUG_INFO = INCLUDE_SOURCE;
				MTL_FAST_MATH = YES;
				ONLY_ACTIVE_ARCH = YES;
				SDKROOT = iphoneos;
				SWIFT_ACTIVE_COMPILATION_CONDITIONS = "DEBUG $(inherited)";
				SWIFT_OPTIMIZATION_LEVEL = "-Onone";
			};
			name = Debug;
		};
		CF2DEE4E2EF4EB1E00F2998C /* Release */ = {
			isa = XCBuildConfiguration;
			buildSettings = {
				ALWAYS_SEARCH_USER_PATHS = NO;
				ASSETCATALOG_COMPILER_GENERATE_SWIFT_ASSET_SYMBOL_EXTENSIONS = YES;
				CLANG_ANALYZER_NONNULL = YES;
				CLANG_ANALYZER_NUMBER_OBJECT_CONVERSION = YES_AGGRESSIVE;
				CLANG_CXX_LANGUAGE_STANDARD = "gnu++20";
				CLANG_ENABLE_MODULES = YES;
				CLANG_ENABLE_OBJC_ARC = YES;
				CLANG_ENABLE_OBJC_WEAK = YES;
				CLANG_WARN_BLOCK_CAPTURE_AUTORELEASING = YES;
				CLANG_WARN_BOOL_CONVERSION = YES;
				CLANG_WARN_COMMA = YES;
				CLANG_WARN_CONSTANT_CONVERSION = YES;
				CLANG_WARN_DEPRECATED_OBJC_IMPLEMENTATIONS = YES;
				CLANG_WARN_DIRECT_OBJC_ISA_USAGE = YES_ERROR;
				CLANG_WARN_DOCUMENTATION_COMMENTS = YES;
				CLANG_WARN_EMPTY_BODY = YES;
				CLANG_WARN_ENUM_CONVERSION = YES;
				CLANG_WARN_INFINITE_RECURSION = YES;
				CLANG_WARN_INT_CONVERSION = YES;
				CLANG_WARN_NON_LITERAL_NULL_CONVERSION = YES;
				CLANG_WARN_OBJC_IMPLICIT_RETAIN_SELF = YES;
				CLANG_WARN_OBJC_LITERAL_CONVERSION = YES;
				CLANG_WARN_OBJC_ROOT_CLASS = YES_ERROR;
				CLANG_WARN_QUOTED_INCLUDE_IN_FRAMEWORK_HEADER = YES;
				CLANG_WARN_RANGE_LOOP_ANALYSIS = YES;
				CLANG_WARN_STRICT_PROTOTYPES = YES;
				CLANG_WARN_SUSPICIOUS_MOVE = YES;
				CLANG_WARN_UNGUARDED_AVAILABILITY = YES_AGGRESSIVE;
				CLANG_WARN_UNREACHABLE_CODE = YES;
				CLANG_WARN__DUPLICATE_METHOD_MATCH = YES;
				COPY_PHASE_STRIP = NO;
				DEBUG_INFORMATION_FORMAT = "dwarf-with-dsym";
				DEVELOPMENT_TEAM = TPNSH32JP3;
				ENABLE_NS_ASSERTIONS = NO;
				ENABLE_STRICT_OBJC_MSGSEND = YES;
				ENABLE_USER_SCRIPT_SANDBOXING = YES;
				GCC_C_LANGUAGE_STANDARD = gnu17;
				GCC_NO_COMMON_BLOCKS = YES;
				GCC_WARN_64_TO_32_BIT_CONVERSION = YES;
				GCC_WARN_ABOUT_RETURN_TYPE = YES_ERROR;
				GCC_WARN_UNDECLARED_SELECTOR = YES;
				GCC_WARN_UNINITIALIZED_AUTOS = YES_AGGRESSIVE;
				GCC_WARN_UNUSED_FUNCTION = YES;
				GCC_WARN_UNUSED_VARIABLE = YES;
				INFOPLIST_KEY_NSCalendarsFullAccessUsageDescription = "SchedAI can add planned tasks to your calendar when you enable Calendar sync.";
				INFOPLIST_KEY_NSMicrophoneUsageDescription = "SchedAI needs microphone access to capture your voice for creating tasks.";
				INFOPLIST_KEY_NSSpeechRecognitionUsageDescription = "SchedAI uses speech recognition to convert your voice into text for task planning.";
				INFOPLIST_KEY_UILaunchScreen_Generation = YES;
				IPHONEOS_DEPLOYMENT_TARGET = 26.2;
				LOCALIZATION_PREFERS_STRING_CATALOGS = YES;
				MTL_ENABLE_DEBUG_INFO = NO;
				MTL_FAST_MATH = YES;
				SDKROOT = iphoneos;
				SWIFT_COMPILATION_MODE = wholemodule;
				VALIDATE_PRODUCT = YES;
			};
			name = Release;
		};
		CF2DEE502EF4EB1E00F2998C /* Debug */ = {
			isa = XCBuildConfiguration;
			buildSettings = {
				ASSETCATALOG_COMPILER_APPICON_NAME = AppIcon;
				ASSETCATALOG_COMPILER_GLOBAL_ACCENT_COLOR_NAME = AccentColor;
				CODE_SIGN_ENTITLEMENTS = SchedAI/SchedAI.entitlements;
				CODE_SIGN_STYLE = Automatic;
				CURRENT_PROJECT_VERSION = 1;
				DEVELOPMENT_TEAM = TPNSH32JP3;
				ENABLE_PREVIEWS = YES;
				GENERATE_INFOPLIST_FILE = YES;
				INFOPLIST_KEY_NSCalendarsFullAccessUsageDescription = "SchedAI can add planned tasks to your calendar when you enable Calendar sync.";
				INFOPLIST_KEY_NSMicrophoneUsageDescription = "SchedAI needs microphone access to capture your voice for creating tasks.";
				INFOPLIST_KEY_NSSpeechRecognitionUsageDescription = "SchedAI uses speech recognition to convert your voice into text for task planning.";
				INFOPLIST_KEY_UIApplicationSceneManifest_Generation = YES;
				INFOPLIST_KEY_UIApplicationSupportsIndirectInputEvents = YES;
				INFOPLIST_KEY_UILaunchScreen_Generation = YES;
				INFOPLIST_KEY_UISupportedInterfaceOrientations_iPad = "UIInterfaceOrientationPortrait UIInterfaceOrientationPortraitUpsideDown UIInterfaceOrientationLandscapeLeft UIInterfaceOrientationLandscapeRight";
				INFOPLIST_KEY_UISupportedInterfaceOrientations_iPhone = "UIInterfaceOrientationPortrait UIInterfaceOrientationLandscapeLeft UIInterfaceOrientationLandscapeRight";
				LD_RUNPATH_SEARCH_PATHS = (
					"$(inherited)",
					"@executable_path/Frameworks",
				);
				MARKETING_VERSION = 1.0;
				PRODUCT_BUNDLE_IDENTIFIER = me.SchedAI;
				PRODUCT_NAME = "$(TARGET_NAME)";
				STRING_CATALOG_GENERATE_SYMBOLS = YES;
				SWIFT_APPROACHABLE_CONCURRENCY = YES;
				SWIFT_DEFAULT_ACTOR_ISOLATION = MainActor;
				SWIFT_EMIT_LOC_STRINGS = YES;
				SWIFT_UPCOMING_FEATURE_MEMBER_IMPORT_VISIBILITY = YES;
				SWIFT_VERSION = 5.0;
				TARGETED_DEVICE_FAMILY = "1,2";
			};
			name = Debug;
		};
		CF2DEE512EF4EB1E00F2998C /* Release */ = {
			isa = XCBuildConfiguration;
			buildSettings = {
				ASSETCATALOG_COMPILER_APPICON_NAME = AppIcon;
				ASSETCATALOG_COMPILER_GLOBAL_ACCENT_COLOR_NAME = AccentColor;
				CODE_SIGN_ENTITLEMENTS = SchedAI/SchedAI.entitlements;
				CODE_SIGN_STYLE = Automatic;
				CURRENT_PROJECT_VERSION = 1;
				DEVELOPMENT_TEAM = TPNSH32JP3;
				ENABLE_PREVIEWS = YES;
				GENERATE_INFOPLIST_FILE = YES;
				INFOPLIST_KEY_NSCalendarsFullAccessUsageDescription = "SchedAI can add planned tasks to your calendar when you enable Calendar sync.";
				INFOPLIST_KEY_NSMicrophoneUsageDescription = "SchedAI needs microphone access to capture your voice for creating tasks.";
				INFOPLIST_KEY_NSSpeechRecognitionUsageDescription = "SchedAI uses speech recognition to convert your voice into text for task planning.";
				INFOPLIST_KEY_UIApplicationSceneManifest_Generation = YES;
				INFOPLIST_KEY_UIApplicationSupportsIndirectInputEvents = YES;
				INFOPLIST_KEY_UILaunchScreen_Generation = YES;
				INFOPLIST_KEY_UISupportedInterfaceOrientations_iPad = "UIInterfaceOrientationPortrait UIInterfaceOrientationPortraitUpsideDown UIInterfaceOrientationLandscapeLeft UIInterfaceOrientationLandscapeRight";
				INFOPLIST_KEY_UISupportedInterfaceOrientations_iPhone = "UIInterfaceOrientationPortrait UIInterfaceOrientationLandscapeLeft UIInterfaceOrientationLandscapeRight";
				LD_RUNPATH_SEARCH_PATHS = (
					"$(inherited)",
					"@executable_path/Frameworks",
				);
				MARKETING_VERSION = 1.0;
				PRODUCT_BUNDLE_IDENTIFIER = me.SchedAI;
				PRODUCT_NAME = "$(TARGET_NAME)";
				STRING_CATALOG_GENERATE_SYMBOLS = YES;
				SWIFT_APPROACHABLE_CONCURRENCY = YES;
				SWIFT_DEFAULT_ACTOR_ISOLATION = MainActor;
				SWIFT_EMIT_LOC_STRINGS = YES;
				SWIFT_UPCOMING_FEATURE_MEMBER_IMPORT_VISIBILITY = YES;
				SWIFT_VERSION = 5.0;
				TARGETED_DEVICE_FAMILY = "1,2";
			};
			name = Release;
		};
		CF2DEE532EF4EB1E00F2998C /* Debug */ = {
			isa = XCBuildConfiguration;
			buildSettings = {
				BUNDLE_LOADER = "$(TEST_HOST)";
				CODE_SIGN_STYLE = Automatic;
				CURRENT_PROJECT_VERSION = 1;
				DEVELOPMENT_TEAM = TPNSH32JP3;
				GENERATE_INFOPLIST_FILE = YES;
				IPHONEOS_DEPLOYMENT_TARGET = 26.2;
				MARKETING_VERSION = 1.0;
				PRODUCT_BUNDLE_IDENTIFIER = me.SchedAITests;
				PRODUCT_NAME = "$(TARGET_NAME)";
				STRING_CATALOG_GENERATE_SYMBOLS = NO;
				SWIFT_APPROACHABLE_CONCURRENCY = YES;
				SWIFT_EMIT_LOC_STRINGS = NO;
				SWIFT_UPCOMING_FEATURE_MEMBER_IMPORT_VISIBILITY = YES;
				SWIFT_VERSION = 5.0;
				TARGETED_DEVICE_FAMILY = "1,2";
				TEST_HOST = "$(BUILT_PRODUCTS_DIR)/SchedAI.app/$(BUNDLE_EXECUTABLE_FOLDER_PATH)/SchedAI";
			};
			name = Debug;
		};
		CF2DEE542EF4EB1E00F2998C /* Release */ = {
			isa = XCBuildConfiguration;
			buildSettings = {
				BUNDLE_LOADER = "$(TEST_HOST)";
				CODE_SIGN_STYLE = Automatic;
				CURRENT_PROJECT_VERSION = 1;
				DEVELOPMENT_TEAM = TPNSH32JP3;
				GENERATE_INFOPLIST_FILE = YES;
				IPHONEOS_DEPLOYMENT_TARGET = 26.2;
				MARKETING_VERSION = 1.0;
				PRODUCT_BUNDLE_IDENTIFIER = me.SchedAITests;
				PRODUCT_NAME = "$(TARGET_NAME)";
				STRING_CATALOG_GENERATE_SYMBOLS = NO;
				SWIFT_APPROACHABLE_CONCURRENCY = YES;
				SWIFT_EMIT_LOC_STRINGS = NO;
				SWIFT_UPCOMING_FEATURE_MEMBER_IMPORT_VISIBILITY = YES;
				SWIFT_VERSION = 5.0;
				TARGETED_DEVICE_FAMILY = "1,2";
				TEST_HOST = "$(BUILT_PRODUCTS_DIR)/SchedAI.app/$(BUNDLE_EXECUTABLE_FOLDER_PATH)/SchedAI";
			};
			name = Release;
		};
		CF2DEE562EF4EB1E00F2998C /* Debug */ = {
			isa = XCBuildConfiguration;
			buildSettings = {
				CODE_SIGN_STYLE = Automatic;
				CURRENT_PROJECT_VERSION = 1;
				DEVELOPMENT_TEAM = TPNSH32JP3;
				GENERATE_INFOPLIST_FILE = YES;
				MARKETING_VERSION = 1.0;
				PRODUCT_BUNDLE_IDENTIFIER = me.SchedAIUITests;
				PRODUCT_NAME = "$(TARGET_NAME)";
				STRING_CATALOG_GENERATE_SYMBOLS = NO;
				SWIFT_APPROACHABLE_CONCURRENCY = YES;
				SWIFT_EMIT_LOC_STRINGS = NO;
				SWIFT_UPCOMING_FEATURE_MEMBER_IMPORT_VISIBILITY = YES;
				SWIFT_VERSION = 5.0;
				TARGETED_DEVICE_FAMILY = "1,2";
				TEST_TARGET_NAME = SchedAI;
			};
			name = Debug;
		};
		CF2DEE572EF4EB1E00F2998C /* Release */ = {
			isa = XCBuildConfiguration;
			buildSettings = {
				CODE_SIGN_STYLE = Automatic;
				CURRENT_PROJECT_VERSION = 1;
				DEVELOPMENT_TEAM = TPNSH32JP3;
				GENERATE_INFOPLIST_FILE = YES;
				MARKETING_VERSION = 1.0;
				PRODUCT_BUNDLE_IDENTIFIER = me.SchedAIUITests;
				PRODUCT_NAME = "$(TARGET_NAME)";
				STRING_CATALOG_GENERATE_SYMBOLS = NO;
				SWIFT_APPROACHABLE_CONCURRENCY = YES;
				SWIFT_EMIT_LOC_STRINGS = NO;
				SWIFT_UPCOMING_FEATURE_MEMBER_IMPORT_VISIBILITY = YES;
				SWIFT_VERSION = 5.0;
				TARGETED_DEVICE_FAMILY = "1,2";
				TEST_TARGET_NAME = SchedAI;
			};
			name = Release;
		};
/* End XCBuildConfiguration section */

/* Begin XCConfigurationList section */
		6AEC17342F92C4F400FC61A5 /* Build configuration list for PBXNativeTarget "SchedAI-WidgetExtension" */ = {
			isa = XCConfigurationList;
			buildConfigurations = (
				6AEC17312F92C4F300FC61A5 /* Debug */,
				6AEC17322F92C4F300FC61A5 /* Release */,
			);
			defaultConfigurationIsVisible = 0;
			defaultConfigurationName = Release;
		};
		CF2DEE292EF4EB1B00F2998C /* Build configuration list for PBXProject "SchedAI" */ = {
			isa = XCConfigurationList;
			buildConfigurations = (
				CF2DEE4D2EF4EB1E00F2998C /* Debug */,
				CF2DEE4E2EF4EB1E00F2998C /* Release */,
			);
			defaultConfigurationIsVisible = 0;
			defaultConfigurationName = Release;
		};
		CF2DEE4F2EF4EB1E00F2998C /* Build configuration list for PBXNativeTarget "SchedAI" */ = {
			isa = XCConfigurationList;
			buildConfigurations = (
				CF2DEE502EF4EB1E00F2998C /* Debug */,
				CF2DEE512EF4EB1E00F2998C /* Release */,
			);
			defaultConfigurationIsVisible = 0;
			defaultConfigurationName = Release;
		};
		CF2DEE522EF4EB1E00F2998C /* Build configuration list for PBXNativeTarget "SchedAITests" */ = {
			isa = XCConfigurationList;
			buildConfigurations = (
				CF2DEE532EF4EB1E00F2998C /* Debug */,
				CF2DEE542EF4EB1E00F2998C /* Release */,
			);
			defaultConfigurationIsVisible = 0;
			defaultConfigurationName = Release;
		};
		CF2DEE552EF4EB1E00F2998C /* Build configuration list for PBXNativeTarget "SchedAIUITests" */ = {
			isa = XCConfigurationList;
			buildConfigurations = (
				CF2DEE562EF4EB1E00F2998C /* Debug */,
				CF2DEE572EF4EB1E00F2998C /* Release */,
			);
			defaultConfigurationIsVisible = 0;
			defaultConfigurationName = Release;
		};
/* End XCConfigurationList section */
	};
	rootObject = CF2DEE262EF4EB1B00F2998C /* Project object */;
}
